
Microsoft Visual Studio Solution File, Format Version 12.00
# Visual Studio Version 17
VisualStudioVersion = 17.5.33516.290
MinimumVisualStudioVersion = 10.0.40219.1
Project("{FAE04EC0-301F-11D3-BF4B-00C04F79EFBC}") = "WebApp", "WebApp\WebApp.csproj", "{4596B5A0-72A0-40AE-936B-BFD06E222DB2}"
EndProject
Global
	GlobalSection(SolutionConfigurationPlatforms) = preSolution
		Debug|Any CPU = Debug|Any CPU
		Release|Any CPU = Release|Any CPU
	EndGlobalSection
	GlobalSection(ProjectConfigurationPlatforms) = postSolution
		{4596B5A0-72A0-40AE-936B-BFD06E222DB2}.Debug|Any CPU.ActiveCfg = Debug|Any CPU
		{4596B5A0-72A0-40AE-936B-BFD06E222DB2}.Debug|Any CPU.Build.0 = Debug|Any CPU
		{4596B5A0-72A0-40AE-936B-BFD06E222DB2}.Release|Any CPU.ActiveCfg = Release|Any CPU
		{4596B5A0-72A0-40AE-936B-BFD06E222DB2}.Release|Any CPU.Build.0 = Release|Any CPU
	EndGlobalSection
	GlobalSection(SolutionProperties) = preSolution
		HideSolutionNode = FALSE
	EndGlobalSection
	GlobalSection(ExtensibilityGlobals) = postSolution
		SolutionGuid = {59A5819C-D2E0-4A12-8EED-1E6B2D68DFA4}
	EndGlobalSection
EndGlobal
